// !$*UTF8*$!
{
	archiveVersion = 1;
	classes = {
	};
	objectVersion = 50;
	objects = {

/* Begin PBXBuildFile section */
		3A142DDB21319BA700242051 /* Stop.swift in Sources */ = {isa = PBXBuildFile; fileRef = 3A142DDA21319BA700242051 /* Stop.swift */; };
		3A4D883C2131A10F00409685 /* Route.swift in Sources */ = {isa = PBXBuildFile; fileRef = 3A4D883B2131A10F00409685 /* Route.swift */; };
		3A63DCB321332E95005E619B /* JXPrediction.swift in Sources */ = {isa = PBXBuildFile; fileRef = 3A63DCB221332E95005E619B /* JXPrediction.swift */; };
		3A63DCB521332F1A005E619B /* Prediction.swift in Sources */ = {isa = PBXBuildFile; fileRef = 3A63DCB421332F1A005E619B /* Prediction.swift */; };
		3A63DCB721333378005E619B /* DateParser.swift in Sources */ = {isa = PBXBuildFile; fileRef = 3A63DCB621333378005E619B /* DateParser.swift */; };
		3A65513C212716D0007EF78B /* Handler.swift in Sources */ = {isa = PBXBuildFile; fileRef = 3A65513B212716D0007EF78B /* Handler.swift */; };
		3A65513F21271A96007EF78B /* MURL.swift in Sources */ = {isa = PBXBuildFile; fileRef = 3A65513E21271A96007EF78B /* MURL.swift */; };
		3A65514121271CD6007EF78B /* JXStop.swift in Sources */ = {isa = PBXBuildFile; fileRef = 3A65514021271CD6007EF78B /* JXStop.swift */; };
		3A760E40213042DF00172F69 /* Mark.swift in Sources */ = {isa = PBXBuildFile; fileRef = 3A760E3F213042DF00172F69 /* Mark.swift */; };
		3A760E442130459A00172F69 /* MarkView.swift in Sources */ = {isa = PBXBuildFile; fileRef = 3A760E432130459A00172F69 /* MarkView.swift */; };
		3A760E4721305B1900172F69 /* MapViewDelegate.swift in Sources */ = {isa = PBXBuildFile; fileRef = 3A760E4621305B1900172F69 /* MapViewDelegate.swift */; };
		3AB6D4FB2131B82200E73C0E /* JXTrip.swift in Sources */ = {isa = PBXBuildFile; fileRef = 3AB6D4FA2131B82200E73C0E /* JXTrip.swift */; };
		3AB6D4FD2131BA1500E73C0E /* Trip.swift in Sources */ = {isa = PBXBuildFile; fileRef = 3AB6D4FC2131BA1500E73C0E /* Trip.swift */; };
		3AB6D4FF2131EF8100E73C0E /* Default.swift in Sources */ = {isa = PBXBuildFile; fileRef = 3AB6D4FE2131EF8100E73C0E /* Default.swift */; };
		3AB6D5022131F9CC00E73C0E /* Vehicle.swift in Sources */ = {isa = PBXBuildFile; fileRef = 3AB6D5012131F9CC00E73C0E /* Vehicle.swift */; };
		3AB6D5042131FB1D00E73C0E /* JXVehicle.swift in Sources */ = {isa = PBXBuildFile; fileRef = 3AB6D5032131FB1D00E73C0E /* JXVehicle.swift */; };
		3AB902ED212865090042284C /* Query.swift in Sources */ = {isa = PBXBuildFile; fileRef = 3AB902EC212865090042284C /* Query.swift */; };
		3AE927F5212C5D4C00BB68A6 /* JXRoute.swift in Sources */ = {isa = PBXBuildFile; fileRef = 3AE927F4212C5D4C00BB68A6 /* JXRoute.swift */; };
		3AE927F7212C5F2200BB68A6 /* Locality.swift in Sources */ = {isa = PBXBuildFile; fileRef = 3AE927F6212C5F2200BB68A6 /* Locality.swift */; };
		3AF4EFE0212B046100FB87E6 /* ResponseHandler.swift in Sources */ = {isa = PBXBuildFile; fileRef = 3AF4EFDF212B046100FB87E6 /* ResponseHandler.swift */; };
		6A263A822124655400B1D470 /* AppDelegate.swift in Sources */ = {isa = PBXBuildFile; fileRef = 6A263A812124655400B1D470 /* AppDelegate.swift */; };
		6A263A842124655400B1D470 /* MapViewController.swift in Sources */ = {isa = PBXBuildFile; fileRef = 6A263A832124655400B1D470 /* MapViewController.swift */; };
		6A263A872124655400B1D470 /* Main.storyboard in Resources */ = {isa = PBXBuildFile; fileRef = 6A263A852124655400B1D470 /* Main.storyboard */; };
		6A263A892124655500B1D470 /* Assets.xcassets in Resources */ = {isa = PBXBuildFile; fileRef = 6A263A882124655500B1D470 /* Assets.xcassets */; };
		6A263A8C2124655500B1D470 /* LaunchScreen.storyboard in Resources */ = {isa = PBXBuildFile; fileRef = 6A263A8A2124655500B1D470 /* LaunchScreen.storyboard */; };
		6A263A942124688200B1D470 /* LocationService.swift in Sources */ = {isa = PBXBuildFile; fileRef = 6A263A932124688200B1D470 /* LocationService.swift */; };
		6A263A9721246B9400B1D470 /* MapKit.framework in Frameworks */ = {isa = PBXBuildFile; fileRef = 6A263A9621246B9400B1D470 /* MapKit.framework */; };
/* End PBXBuildFile section */

/* Begin PBXFileReference section */
		3A142DDA21319BA700242051 /* Stop.swift */ = {isa = PBXFileReference; lastKnownFileType = sourcecode.swift; path = Stop.swift; sourceTree = "<group>"; };
		3A4D883B2131A10F00409685 /* Route.swift */ = {isa = PBXFileReference; lastKnownFileType = sourcecode.swift; path = Route.swift; sourceTree = "<group>"; };
		3A63DCB221332E95005E619B /* JXPrediction.swift */ = {isa = PBXFileReference; lastKnownFileType = sourcecode.swift; path = JXPrediction.swift; sourceTree = "<group>"; };
		3A63DCB421332F1A005E619B /* Prediction.swift */ = {isa = PBXFileReference; lastKnownFileType = sourcecode.swift; path = Prediction.swift; sourceTree = "<group>"; };
		3A63DCB621333378005E619B /* DateParser.swift */ = {isa = PBXFileReference; lastKnownFileType = sourcecode.swift; path = DateParser.swift; sourceTree = "<group>"; };
		3A65513B212716D0007EF78B /* Handler.swift */ = {isa = PBXFileReference; lastKnownFileType = sourcecode.swift; path = Handler.swift; sourceTree = "<group>"; };
		3A65513E21271A96007EF78B /* MURL.swift */ = {isa = PBXFileReference; lastKnownFileType = sourcecode.swift; path = MURL.swift; sourceTree = "<group>"; };
		3A65514021271CD6007EF78B /* JXStop.swift */ = {isa = PBXFileReference; lastKnownFileType = sourcecode.swift; path = JXStop.swift; sourceTree = "<group>"; };
		3A760E3F213042DF00172F69 /* Mark.swift */ = {isa = PBXFileReference; lastKnownFileType = sourcecode.swift; path = Mark.swift; sourceTree = "<group>"; };
		3A760E432130459A00172F69 /* MarkView.swift */ = {isa = PBXFileReference; fileEncoding = 4; lastKnownFileType = sourcecode.swift; path = MarkView.swift; sourceTree = "<group>"; };
		3A760E4621305B1900172F69 /* MapViewDelegate.swift */ = {isa = PBXFileReference; lastKnownFileType = sourcecode.swift; path = MapViewDelegate.swift; sourceTree = "<group>"; };
		3AB6D4FA2131B82200E73C0E /* JXTrip.swift */ = {isa = PBXFileReference; lastKnownFileType = sourcecode.swift; path = JXTrip.swift; sourceTree = "<group>"; };
		3AB6D4FC2131BA1500E73C0E /* Trip.swift */ = {isa = PBXFileReference; lastKnownFileType = sourcecode.swift; path = Trip.swift; sourceTree = "<group>"; };
		3AB6D4FE2131EF8100E73C0E /* Default.swift */ = {isa = PBXFileReference; lastKnownFileType = sourcecode.swift; path = Default.swift; sourceTree = "<group>"; };
		3AB6D5012131F9CC00E73C0E /* Vehicle.swift */ = {isa = PBXFileReference; lastKnownFileType = sourcecode.swift; path = Vehicle.swift; sourceTree = "<group>"; };
		3AB6D5032131FB1D00E73C0E /* JXVehicle.swift */ = {isa = PBXFileReference; lastKnownFileType = sourcecode.swift; path = JXVehicle.swift; sourceTree = "<group>"; };
		3AB902EC212865090042284C /* Query.swift */ = {isa = PBXFileReference; lastKnownFileType = sourcecode.swift; path = Query.swift; sourceTree = "<group>"; };
		3AE927F4212C5D4C00BB68A6 /* JXRoute.swift */ = {isa = PBXFileReference; fileEncoding = 4; lastKnownFileType = sourcecode.swift; path = JXRoute.swift; sourceTree = "<group>"; };
		3AE927F6212C5F2200BB68A6 /* Locality.swift */ = {isa = PBXFileReference; lastKnownFileType = sourcecode.swift; path = Locality.swift; sourceTree = "<group>"; };
		3AF4EFDF212B046100FB87E6 /* ResponseHandler.swift */ = {isa = PBXFileReference; lastKnownFileType = sourcecode.swift; path = ResponseHandler.swift; sourceTree = "<group>"; };
		6A263A7E2124655400B1D470 /* Locality.app */ = {isa = PBXFileReference; explicitFileType = wrapper.application; includeInIndex = 0; path = Locality.app; sourceTree = BUILT_PRODUCTS_DIR; };
		6A263A812124655400B1D470 /* AppDelegate.swift */ = {isa = PBXFileReference; lastKnownFileType = sourcecode.swift; path = AppDelegate.swift; sourceTree = "<group>"; };
		6A263A832124655400B1D470 /* MapViewController.swift */ = {isa = PBXFileReference; lastKnownFileType = sourcecode.swift; path = MapViewController.swift; sourceTree = "<group>"; };
		6A263A862124655400B1D470 /* Base */ = {isa = PBXFileReference; lastKnownFileType = file.storyboard; name = Base; path = Base.lproj/Main.storyboard; sourceTree = "<group>"; };
		6A263A882124655500B1D470 /* Assets.xcassets */ = {isa = PBXFileReference; lastKnownFileType = folder.assetcatalog; path = Assets.xcassets; sourceTree = "<group>"; };
		6A263A8B2124655500B1D470 /* Base */ = {isa = PBXFileReference; lastKnownFileType = file.storyboard; name = Base; path = Base.lproj/LaunchScreen.storyboard; sourceTree = "<group>"; };
		6A263A8D2124655500B1D470 /* Info.plist */ = {isa = PBXFileReference; lastKnownFileType = text.plist.xml; path = Info.plist; sourceTree = "<group>"; };
		6A263A932124688200B1D470 /* LocationService.swift */ = {isa = PBXFileReference; fileEncoding = 4; lastKnownFileType = sourcecode.swift; path = LocationService.swift; sourceTree = "<group>"; };
		6A263A9621246B9400B1D470 /* MapKit.framework */ = {isa = PBXFileReference; lastKnownFileType = wrapper.framework; name = MapKit.framework; path = System/Library/Frameworks/MapKit.framework; sourceTree = SDKROOT; };
/* End PBXFileReference section */

/* Begin PBXFrameworksBuildPhase section */
		6A263A7B2124655400B1D470 /* Frameworks */ = {
			isa = PBXFrameworksBuildPhase;
			buildActionMask = 2147483647;
			files = (
				6A263A9721246B9400B1D470 /* MapKit.framework in Frameworks */,
			);
			runOnlyForDeploymentPostprocessing = 0;
		};
/* End PBXFrameworksBuildPhase section */

/* Begin PBXGroup section */
		3A142DD92131995000242051 /* JSON Decoding */ = {
			isa = PBXGroup;
			children = (
				3A65514021271CD6007EF78B /* JXStop.swift */,
				3AE927F4212C5D4C00BB68A6 /* JXRoute.swift */,
				3AB6D4FA2131B82200E73C0E /* JXTrip.swift */,
				3AB6D5032131FB1D00E73C0E /* JXVehicle.swift */,
				3A63DCB221332E95005E619B /* JXPrediction.swift */,
			);
			path = "JSON Decoding";
			sourceTree = "<group>";
		};
		3A65513D212718E4007EF78B /* MBTAKit */ = {
			isa = PBXGroup;
			children = (
				3A142DD92131995000242051 /* JSON Decoding */,
				3A65513B212716D0007EF78B /* Handler.swift */,
				3A65513E21271A96007EF78B /* MURL.swift */,
				3AB902EC212865090042284C /* Query.swift */,
				3A142DDA21319BA700242051 /* Stop.swift */,
				3AB6D5012131F9CC00E73C0E /* Vehicle.swift */,
				3A63DCB621333378005E619B /* DateParser.swift */,
				3A4D883B2131A10F00409685 /* Route.swift */,
				3A63DCB421332F1A005E619B /* Prediction.swift */,
				3AB6D4FC2131BA1500E73C0E /* Trip.swift */,
			);
			path = MBTAKit;
			sourceTree = "<group>";
		};
		3A760E3E2130424D00172F69 /* Marks */ = {
			isa = PBXGroup;
			children = (
				3A760E432130459A00172F69 /* MarkView.swift */,
				3A760E3F213042DF00172F69 /* Mark.swift */,
			);
			path = Marks;
			sourceTree = "<group>";
		};
		6A263A752124655400B1D470 = {
			isa = PBXGroup;
			children = (
				3A65513D212718E4007EF78B /* MBTAKit */,
				6A263A802124655400B1D470 /* Locality */,
				6A263A7F2124655400B1D470 /* Products */,
				6A263A9521246B9400B1D470 /* Frameworks */,
			);
			sourceTree = "<group>";
		};
		6A263A7F2124655400B1D470 /* Products */ = {
			isa = PBXGroup;
			children = (
				6A263A7E2124655400B1D470 /* Locality.app */,
			);
			name = Products;
			sourceTree = "<group>";
		};
		6A263A802124655400B1D470 /* Locality */ = {
			isa = PBXGroup;
			children = (
				3A760E3E2130424D00172F69 /* Marks */,
				6A263A812124655400B1D470 /* AppDelegate.swift */,
				3AE927F6212C5F2200BB68A6 /* Locality.swift */,
				3AB6D4FE2131EF8100E73C0E /* Default.swift */,
				6A263A932124688200B1D470 /* LocationService.swift */,
				6A263A832124655400B1D470 /* MapViewController.swift */,
				3A760E4621305B1900172F69 /* MapViewDelegate.swift */,
				3AF4EFDF212B046100FB87E6 /* ResponseHandler.swift */,
				6A263A882124655500B1D470 /* Assets.xcassets */,
				6A263A852124655400B1D470 /* Main.storyboard */,
				6A263A8A2124655500B1D470 /* LaunchScreen.storyboard */,
				6A263A8D2124655500B1D470 /* Info.plist */,
			);
			path = Locality;
			sourceTree = "<group>";
		};
		6A263A9521246B9400B1D470 /* Frameworks */ = {
			isa = PBXGroup;
			children = (
				6A263A9621246B9400B1D470 /* MapKit.framework */,
			);
			name = Frameworks;
			sourceTree = "<group>";
		};
/* End PBXGroup section */

/* Begin PBXNativeTarget section */
		6A263A7D2124655400B1D470 /* Locality */ = {
			isa = PBXNativeTarget;
			buildConfigurationList = 6A263A902124655500B1D470 /* Build configuration list for PBXNativeTarget "Locality" */;
			buildPhases = (
				6A263A7A2124655400B1D470 /* Sources */,
				6A263A7B2124655400B1D470 /* Frameworks */,
				6A263A7C2124655400B1D470 /* Resources */,
			);
			buildRules = (
			);
			dependencies = (
			);
			name = Locality;
			productName = Locality;
			productReference = 6A263A7E2124655400B1D470 /* Locality.app */;
			productType = "com.apple.product-type.application";
		};
/* End PBXNativeTarget section */

/* Begin PBXProject section */
		6A263A762124655400B1D470 /* Project object */ = {
			isa = PBXProject;
			attributes = {
				LastSwiftUpdateCheck = 0940;
				LastUpgradeCheck = 0940;
				ORGANIZATIONNAME = "Andrew Ferreira";
				TargetAttributes = {
					6A263A7D2124655400B1D470 = {
						CreatedOnToolsVersion = 9.4.1;
					};
				};
			};
			buildConfigurationList = 6A263A792124655400B1D470 /* Build configuration list for PBXProject "Locality" */;
			compatibilityVersion = "Xcode 9.3";
			developmentRegion = en;
			hasScannedForEncodings = 0;
			knownRegions = (
				en,
				Base,
			);
			mainGroup = 6A263A752124655400B1D470;
			productRefGroup = 6A263A7F2124655400B1D470 /* Products */;
			projectDirPath = "";
			projectRoot = "";
			targets = (
				6A263A7D2124655400B1D470 /* Locality */,
			);
		};
/* End PBXProject section */

/* Begin PBXResourcesBuildPhase section */
		6A263A7C2124655400B1D470 /* Resources */ = {
			isa = PBXResourcesBuildPhase;
			buildActionMask = 2147483647;
			files = (
				6A263A8C2124655500B1D470 /* LaunchScreen.storyboard in Resources */,
				6A263A892124655500B1D470 /* Assets.xcassets in Resources */,
				6A263A872124655400B1D470 /* Main.storyboard in Resources */,
			);
			runOnlyForDeploymentPostprocessing = 0;
		};
/* End PBXResourcesBuildPhase section */

/* Begin PBXSourcesBuildPhase section */
		6A263A7A2124655400B1D470 /* Sources */ = {
			isa = PBXSourcesBuildPhase;
			buildActionMask = 2147483647;
			files = (
				3AE927F5212C5D4C00BB68A6 /* JXRoute.swift in Sources */,
				3AB6D4FF2131EF8100E73C0E /* Default.swift in Sources */,
				6A263A842124655400B1D470 /* MapViewController.swift in Sources */,
				3AB6D5022131F9CC00E73C0E /* Vehicle.swift in Sources */,
				3A760E4721305B1900172F69 /* MapViewDelegate.swift in Sources */,
				3A4D883C2131A10F00409685 /* Route.swift in Sources */,
				3AF4EFE0212B046100FB87E6 /* ResponseHandler.swift in Sources */,
				3AB902ED212865090042284C /* Query.swift in Sources */,
				3A63DCB321332E95005E619B /* JXPrediction.swift in Sources */,
				6A263A942124688200B1D470 /* LocationService.swift in Sources */,
				3A65513F21271A96007EF78B /* MURL.swift in Sources */,
				3AB6D4FB2131B82200E73C0E /* JXTrip.swift in Sources */,
				3A142DDB21319BA700242051 /* Stop.swift in Sources */,
				3A65513C212716D0007EF78B /* Handler.swift in Sources */,
				3A63DCB521332F1A005E619B /* Prediction.swift in Sources */,
				3A760E442130459A00172F69 /* MarkView.swift in Sources */,
				6A263A822124655400B1D470 /* AppDelegate.swift in Sources */,
				3AE927F7212C5F2200BB68A6 /* Locality.swift in Sources */,
				3A63DCB721333378005E619B /* DateParser.swift in Sources */,
				3AB6D5042131FB1D00E73C0E /* JXVehicle.swift in Sources */,
				3A65514121271CD6007EF78B /* JXStop.swift in Sources */,
				3AB6D4FD2131BA1500E73C0E /* Trip.swift in Sources */,
				3A760E40213042DF00172F69 /* Mark.swift in Sources */,
			);
			runOnlyForDeploymentPostprocessing = 0;
		};
/* End PBXSourcesBuildPhase section */

/* Begin PBXVariantGroup section */
		6A263A852124655400B1D470 /* Main.storyboard */ = {
			isa = PBXVariantGroup;
			children = (
				6A263A862124655400B1D470 /* Base */,
			);
			name = Main.storyboard;
			sourceTree = "<group>";
		};
		6A263A8A2124655500B1D470 /* LaunchScreen.storyboard */ = {
			isa = PBXVariantGroup;
			children = (
				6A263A8B2124655500B1D470 /* Base */,
			);
			name = LaunchScreen.storyboard;
			sourceTree = "<group>";
		};
/* End PBXVariantGroup section */

/* Begin XCBuildConfiguration section */
		6A263A8E2124655500B1D470 /* Debug */ = {
			isa = XCBuildConfiguration;
			buildSettings = {
				ALWAYS_SEARCH_USER_PATHS = NO;
				CLANG_ANALYZER_NONNULL = YES;
				CLANG_ANALYZER_NUMBER_OBJECT_CONVERSION = YES_AGGRESSIVE;
				CLANG_CXX_LANGUAGE_STANDARD = "gnu++14";
				CLANG_CXX_LIBRARY = "libc++";
				CLANG_ENABLE_MODULES = YES;
				CLANG_ENABLE_OBJC_ARC = YES;
				CLANG_ENABLE_OBJC_WEAK = YES;
				CLANG_WARN_BLOCK_CAPTURE_AUTORELEASING = YES;
				CLANG_WARN_BOOL_CONVERSION = YES;
				CLANG_WARN_COMMA = YES;
				CLANG_WARN_CONSTANT_CONVERSION = YES;
				CLANG_WARN_DEPRECATED_OBJC_IMPLEMENTATIONS = YES;
				CLANG_WARN_DIRECT_OBJC_ISA_USAGE = YES_ERROR;
				CLANG_WARN_DOCUMENTATION_COMMENTS = YES;
				CLANG_WARN_EMPTY_BODY = YES;
				CLANG_WARN_ENUM_CONVERSION = YES;
				CLANG_WARN_INFINITE_RECURSION = YES;
				CLANG_WARN_INT_CONVERSION = YES;
				CLANG_WARN_NON_LITERAL_NULL_CONVERSION = YES;
				CLANG_WARN_OBJC_IMPLICIT_RETAIN_SELF = YES;
				CLANG_WARN_OBJC_LITERAL_CONVERSION = YES;
				CLANG_WARN_OBJC_ROOT_CLASS = YES_ERROR;
				CLANG_WARN_RANGE_LOOP_ANALYSIS = YES;
				CLANG_WARN_STRICT_PROTOTYPES = YES;
				CLANG_WARN_SUSPICIOUS_MOVE = YES;
				CLANG_WARN_UNGUARDED_AVAILABILITY = YES_AGGRESSIVE;
				CLANG_WARN_UNREACHABLE_CODE = YES;
				CLANG_WARN__DUPLICATE_METHOD_MATCH = YES;
				CODE_SIGN_IDENTITY = "iPhone Developer";
				COPY_PHASE_STRIP = NO;
				DEBUG_INFORMATION_FORMAT = dwarf;
				ENABLE_STRICT_OBJC_MSGSEND = YES;
				ENABLE_TESTABILITY = YES;
				GCC_C_LANGUAGE_STANDARD = gnu11;
				GCC_DYNAMIC_NO_PIC = NO;
				GCC_NO_COMMON_BLOCKS = YES;
				GCC_OPTIMIZATION_LEVEL = 0;
				GCC_PREPROCESSOR_DEFINITIONS = (
					"DEBUG=1",
					"$(inherited)",
				);
				GCC_WARN_64_TO_32_BIT_CONVERSION = YES;
				GCC_WARN_ABOUT_RETURN_TYPE = YES_ERROR;
				GCC_WARN_UNDECLARED_SELECTOR = YES;
				GCC_WARN_UNINITIALIZED_AUTOS = YES_AGGRESSIVE;
				GCC_WARN_UNUSED_FUNCTION = YES;
				GCC_WARN_UNUSED_VARIABLE = YES;
				IPHONEOS_DEPLOYMENT_TARGET = 11.4;
				MTL_ENABLE_DEBUG_INFO = YES;
				ONLY_ACTIVE_ARCH = YES;
				SDKROOT = iphoneos;
				SWIFT_ACTIVE_COMPILATION_CONDITIONS = DEBUG;
				SWIFT_OPTIMIZATION_LEVEL = "-Onone";
			};
			name = Debug;
		};
		6A263A8F2124655500B1D470 /* Release */ = {
			isa = XCBuildConfiguration;
			buildSettings = {
				ALWAYS_SEARCH_USER_PATHS = NO;
				CLANG_ANALYZER_NONNULL = YES;
				CLANG_ANALYZER_NUMBER_OBJECT_CONVERSION = YES_AGGRESSIVE;
				CLANG_CXX_LANGUAGE_STANDARD = "gnu++14";
				CLANG_CXX_LIBRARY = "libc++";
				CLANG_ENABLE_MODULES = YES;
				CLANG_ENABLE_OBJC_ARC = YES;
				CLANG_ENABLE_OBJC_WEAK = YES;
				CLANG_WARN_BLOCK_CAPTURE_AUTORELEASING = YES;
				CLANG_WARN_BOOL_CONVERSION = YES;
				CLANG_WARN_COMMA = YES;
				CLANG_WARN_CONSTANT_CONVERSION = YES;
				CLANG_WARN_DEPRECATED_OBJC_IMPLEMENTATIONS = YES;
				CLANG_WARN_DIRECT_OBJC_ISA_USAGE = YES_ERROR;
				CLANG_WARN_DOCUMENTATION_COMMENTS = YES;
				CLANG_WARN_EMPTY_BODY = YES;
				CLANG_WARN_ENUM_CONVERSION = YES;
				CLANG_WARN_INFINITE_RECURSION = YES;
				CLANG_WARN_INT_CONVERSION = YES;
				CLANG_WARN_NON_LITERAL_NULL_CONVERSION = YES;
				CLANG_WARN_OBJC_IMPLICIT_RETAIN_SELF = YES;
				CLANG_WARN_OBJC_LITERAL_CONVERSION = YES;
				CLANG_WARN_OBJC_ROOT_CLASS = YES_ERROR;
				CLANG_WARN_RANGE_LOOP_ANALYSIS = YES;
				CLANG_WARN_STRICT_PROTOTYPES = YES;
				CLANG_WARN_SUSPICIOUS_MOVE = YES;
				CLANG_WARN_UNGUARDED_AVAILABILITY = YES_AGGRESSIVE;
				CLANG_WARN_UNREACHABLE_CODE = YES;
				CLANG_WARN__DUPLICATE_METHOD_MATCH = YES;
				CODE_SIGN_IDENTITY = "iPhone Developer";
				COPY_PHASE_STRIP = NO;
				DEBUG_INFORMATION_FORMAT = "dwarf-with-dsym";
				ENABLE_NS_ASSERTIONS = NO;
				ENABLE_STRICT_OBJC_MSGSEND = YES;
				GCC_C_LANGUAGE_STANDARD = gnu11;
				GCC_NO_COMMON_BLOCKS = YES;
				GCC_WARN_64_TO_32_BIT_CONVERSION = YES;
				GCC_WARN_ABOUT_RETURN_TYPE = YES_ERROR;
				GCC_WARN_UNDECLARED_SELECTOR = YES;
				GCC_WARN_UNINITIALIZED_AUTOS = YES_AGGRESSIVE;
				GCC_WARN_UNUSED_FUNCTION = YES;
				GCC_WARN_UNUSED_VARIABLE = YES;
				IPHONEOS_DEPLOYMENT_TARGET = 11.4;
				MTL_ENABLE_DEBUG_INFO = NO;
				SDKROOT = iphoneos;
				SWIFT_COMPILATION_MODE = wholemodule;
				SWIFT_OPTIMIZATION_LEVEL = "-O";
				VALIDATE_PRODUCT = YES;
			};
			name = Release;
		};
		6A263A912124655500B1D470 /* Debug */ = {
			isa = XCBuildConfiguration;
			buildSettings = {
				ASSETCATALOG_COMPILER_APPICON_NAME = AppIcon;
				CODE_SIGN_STYLE = Automatic;
				DEVELOPMENT_TEAM = YJQHM87BYU;
				INFOPLIST_FILE = Locality/Info.plist;
				LD_RUNPATH_SEARCH_PATHS = (
					"$(inherited)",
					"@executable_path/Frameworks",
				);
				PRODUCT_BUNDLE_IDENTIFIER = boston.drew.Locality;
				PRODUCT_NAME = "$(TARGET_NAME)";
				SWIFT_VERSION = 4.0;
				TARGETED_DEVICE_FAMILY = "1,2";
			};
			name = Debug;
		};
		6A263A922124655500B1D470 /* Release */ = {
			isa = XCBuildConfiguration;
			buildSettings = {
				ASSETCATALOG_COMPILER_APPICON_NAME = AppIcon;
				CODE_SIGN_STYLE = Automatic;
				DEVELOPMENT_TEAM = YJQHM87BYU;
				INFOPLIST_FILE = Locality/Info.plist;
				LD_RUNPATH_SEARCH_PATHS = (
					"$(inherited)",
					"@executable_path/Frameworks",
				);
				PRODUCT_BUNDLE_IDENTIFIER = boston.drew.Locality;
				PRODUCT_NAME = "$(TARGET_NAME)";
				SWIFT_VERSION = 4.0;
				TARGETED_DEVICE_FAMILY = "1,2";
			};
			name = Release;
		};
/* End XCBuildConfiguration section */

/* Begin XCConfigurationList section */
		6A263A792124655400B1D470 /* Build configuration list for PBXProject "Locality" */ = {
			isa = XCConfigurationList;
			buildConfigurations = (
				6A263A8E2124655500B1D470 /* Debug */,
				6A263A8F2124655500B1D470 /* Release */,
			);
			defaultConfigurationIsVisible = 0;
			defaultConfigurationName = Release;
		};
		6A263A902124655500B1D470 /* Build configuration list for PBXNativeTarget "Locality" */ = {
			isa = XCConfigurationList;
			buildConfigurations = (
				6A263A912124655500B1D470 /* Debug */,
				6A263A922124655500B1D470 /* Release */,
			);
			defaultConfigurationIsVisible = 0;
			defaultConfigurationName = Release;
		};
/* End XCConfigurationList section */
	};
	rootObject = 6A263A762124655400B1D470 /* Project object */;
}
